{
    "_meta": {
        "hash": {
            "sha256": "67a0f6251f9fffa996e2d94ab150b6f0d43c18074d86be5b214c2138cb6a58d7"
        },
        "pipfile-spec": 6,
        "requires": {
            "python_version": "3.6"
        },
        "sources": [
            {
                "name": "pypi",
                "url": "https://pypi.org/simple",
                "verify_ssl": true
            }
        ]
    },
    "default": {
        "babel": {
            "hashes": [
                "sha256:3318ed2960240d61cbc6558858ee00c10eed77a6508c4d1ed8e6f7f48399c975",
                "sha256:c535c4403802f6eb38173cd4863e419e2274921a01a8aad8a5b497c131c62875"
            ],
            "index": "pypi",
            "version": "==2.3.4"
        },
        "colorama": {
            "hashes": [
                "sha256:5941b2b48a20143d2267e95b1c2a7603ce057ee39fd88e7329b0c292aa16869b",
                "sha256:9f47eda37229f68eee03b24b9748937c7dc3868f906e8ba69fbcbdd3bc5dc3e2"
            ],
            "markers": "sys_platform == 'win32'",
            "version": "==0.4.4"
        },
        "cycler": {
            "hashes": [
                "sha256:1d8a5ae1ff6c5cf9b93e8811e581232ad8920aeec647c37316ceac982b08cb2d",
                "sha256:cd7b2d1018258d7247a71425e9f26463dfb444d411c39569972f4ce586b0c9d8"
            ],
            "version": "==0.10.0"
        },
        "decorator": {
            "hashes": [
                "sha256:41fa54c2a0cc4ba648be4fd43cff00aedf5b9465c9bf18d64325bc225f08f760",
                "sha256:e3a62f0520172440ca0dcc823749319382e377f37f140a0b99ef45fecb84bfe7"
            ],
            "version": "==4.4.2"
        },
        "faker": {
            "hashes": [
                "sha256:91c3e79db508f6e2b8ff3d3099fee0967c95ce02caa1f4028096641696336fc0",
                "sha256:9da4c829d5592202a614d2db3c3e05d17684f5b590b7dbd6d7e70dc1053213a6"
            ],
            "index": "pypi",
            "version": "==0.8.10"
        },
        "h5py": {
            "hashes": [
                "sha256:05750b91640273c69989c657eaac34b091abdd75efc8c4824c82aaf898a2da0a",
                "sha256:082a27208aa3a2286e7272e998e7e225b2a7d4b7821bd840aebf96d50977abbb",
                "sha256:08e2e8297195f9e813e894b6c63f79372582787795bba2014a2db6a2de95f713",
                "sha256:0dd2adeb2e9de5081eb8dcec88874e7fd35dae9a21557be3a55a3c7d491842a4",
                "sha256:0f94de7a10562b991967a66bbe6dda9808e18088676834c0a4dcec3fdd3bcc6f",
                "sha256:106e42e2e01e486a3d32eeb9ba0e3a7f65c12fa8998d63625fa41fb8bdc44cdb",
                "sha256:1606c66015f04719c41a9863c156fc0e6b992150de21c067444bcb82e7d75579",
                "sha256:1854c4beff9961e477e133143c5e5e355dac0b3ebf19c52cf7cc1b1ef757703c",
                "sha256:1e9fb6f1746500ea91a00193ce2361803c70c6b13f10aae9a33ad7b5bd28e800",
                "sha256:2cca17e80ddb151894333377675db90cd0279fa454776e0a4f74308376afd050",
                "sha256:30e365e8408759db3778c361f1e4e0fe8e98a875185ae46c795a85e9bafb9cdf",
                "sha256:3206bac900e16eda81687d787086f4ffd4f3854980d798e191a9868a6510c3ae",
                "sha256:3c23d72058647cee19b30452acc7895621e2de0a0bd5b8a1e34204b9ea9ed43c",
                "sha256:407b5f911a83daa285bbf1ef78a9909ee5957f257d3524b8606be37e8643c5f0",
                "sha256:4162953714a9212d373ac953c10e3329f1e830d3c7473f2a2e4f25dd6241eef0",
                "sha256:5fc7aba72a51b2c80605eba1c50dbf84224dcd206279d30a75c154e5652e1fe4",
                "sha256:713ac19307e11de4d9833af0c4bd6778bde0a3d967cafd2f0f347223711c1e31",
                "sha256:71b946d80ef3c3f12db157d7778b1fe74a517ca85e94809358b15580983c2ce2",
                "sha256:8cc4aed71e20d87e0a6f02094d718a95252f11f8ed143bc112d22167f08d4040",
                "sha256:9d41ca62daf36d6b6515ab8765e4c8c4388ee18e2a665701fef2b41563821002",
                "sha256:a744e13b000f234cd5a5b2a1f95816b819027c57f385da54ad2b7da1adace2f3",
                "sha256:b087ee01396c4b34e9dc41e3a6a0442158206d383c19c7d0396d52067b17c1cb",
                "sha256:b0f03af381d33306ce67d18275b61acb4ca111ced645381387a02c8a5ee1b796",
                "sha256:b9e4b8dfd587365bdd719ae178fa1b6c1231f81280b1375eef8626dfd8761bf3",
                "sha256:c5dd4ec75985b99166c045909e10f0534704d102848b1d9f0992720e908928e7",
                "sha256:d2b82f23cd862a9d05108fe99967e9edfa95c136f532a71cb3d28dc252771f50",
                "sha256:e58a25764472af07b7e1c4b10b0179c8ea726446c7141076286e41891bf3a563",
                "sha256:effab36e7fcb1c1a7b9bf5c014fdce226a4a09e498e9590bc6f36b23120c9f3e",
                "sha256:f3b49107fbfc77333fc2b1ef4d5de2abcd57e7ea3a1482455229494cf2da56ce"
            ],
            "index": "pypi",
            "version": "==2.9.0"
        },
        "ipython": {
            "hashes": [
                "sha256:2db893efa27c237f314a4f28294279f5dabafff1d0a7bbb45f95e44edb17810c",
                "sha256:4452b99ed28453c68dbd2765899d3df8fa5b2bb98dcceb2028ca9c0ccbcc37eb",
                "sha256:7ef4694e1345913182126b219aaa4a0047e191af414256da6772cf249571b961",
                "sha256:e0dcab13f935afbb6441a1c34a882cd558dcb590ef295560f5a1af247e554931"
            ],
            "index": "pypi",
            "version": "==5.1.0"
        },
        "ipython-genutils": {
            "hashes": [
                "sha256:72dd37233799e619666c9f639a9da83c34013a73e8bbc79a7a6348d93c61fab8",
                "sha256:eb2e116e75ecef9d4d228fdc66af54269afa26ab4463042e33785b887c628ba8"
            ],
            "version": "==0.2.0"
        },
        "keras": {
            "hashes": [
                "sha256:4b6e916e2ca22f688dc631b51d8ce87924c3e5ae013f3ee3075af26783552e26",
                "sha256:a6c72ee2b94be1ffefe7e77b69582b9827211f0c356b2189459711844d3634c0"
            ],
            "index": "pypi",
            "version": "==2.0.7"
        },
        "matplotlib": {
            "hashes": [
                "sha256:1f4008bc8eb3b3d1bb8e0baa0d80f715faf4e56868b54207bad715f19cb58bec",
                "sha256:232d16c168e45a47d13cccdd8f15c57294ba8bfb08f2987c5ca4cb48b14a2ae1",
                "sha256:2336234af83a34f933e44774b22dc338008b65c3c1b8c0ec5ebf030fa2dd810d",
                "sha256:36cf0985829c1ab2b8b1dae5e2272e53ae681bf33ab8bedceed4f0565af5f813",
                "sha256:3c590e857cabbaa4482a442bd43ac6cdd5ca5cfc0842206f066d9a3fd008a9d5",
                "sha256:519bb90fe31b6de9fa3748a9f3aa3167f66c2cd6afb62c50f7b08d8e77a6cda6",
                "sha256:68812731a15714acc54a8a6deceed9f40b4701bbdb0f3868efd5aaa9d42616aa",
                "sha256:8481a8b7f193a297dbdc506b20ca2a107a1268917de3005e9cbf44086b2ef0ea",
                "sha256:8cef2f7e11c7a1fb35999d35531276b0a5ecbc3314fa12fed162e0248b8216c1",
                "sha256:904a175465c38901446054012f072d5bac0e11d29ed8680db1fefadca49280cf",
                "sha256:9407e9ff58e1389801ce2c44e3fe6f17c4ef5d711f1a8578252be3fa02ba1f42",
                "sha256:955d85d3776cb88dac3c7548408f38f5634e8e8dc84c2c8832f1cfa9a81d38d6",
                "sha256:9f3c06e162c1164a2bd0c3ab3de9e0b0edf1e95dd179acca13ddb397072f40bf",
                "sha256:a44d76adf2ec926065938a826fd4285f68372a7f68ece984888902691569323f",
                "sha256:aef5e500778d67ad3c7ebba8de6a250efffc473b0f65b5e52d1f0f7293a64e24",
                "sha256:b2f457bdf65f2779c9e863649fb4f7e081e0b0ccb26c6d4f04243eb1d25a8976",
                "sha256:bcb21c7b25b6cdaf817d1543fd55e30feafeda0aeb1b07f7b937e6078f06dcdf",
                "sha256:c28dc247902c2fcbdf21aa1a3ed4d16b9656df2ea64122cb71681a2e298426d2",
                "sha256:d9cc87d24d4823dfd58aa367aa998aa16638c9ae896c766a54d347f40f4851e1",
                "sha256:e63b1b2675557cffe1251dd3ca622ed9d76f0e1d57e44ad8661347f37dd466a6",
                "sha256:e83ca613859ddbf12272c4ad861f4f588686f7a1faa567f2f21ca61c72199f66",
                "sha256:fcc9c9e94fa9bdefd630853d9937fa47131685eeae2e22242c9b68973f9f13ce",
                "sha256:fd56caf5883fcac895a7009f61249204533e67354c017dcccb9821205f2210ff"
            ],
            "index": "pypi",
            "version": "==2.0.0"
        },
        "numpy": {
            "hashes": [
                "sha256:012426a41bc9ab63bb158635aecccc7610e3eff5d31d1eb43bc099debc979d94",
                "sha256:06fab248a088e439402141ea04f0fffb203723148f6ee791e9c75b3e9e82f080",
                "sha256:0eef32ca3132a48e43f6a0f5a82cb508f22ce5a3d6f67a8329c81c8e226d3f6e",
                "sha256:1ded4fce9cfaaf24e7a0ab51b7a87be9038ea1ace7f34b841fe3b6894c721d1c",
                "sha256:2e55195bc1c6b705bfd8ad6f288b38b11b1af32f3c8289d6c50d47f950c12e76",
                "sha256:2ea52bd92ab9f768cc64a4c3ef8f4b2580a17af0a5436f6126b08efbd1838371",
                "sha256:36674959eed6957e61f11c912f71e78857a8d0604171dfd9ce9ad5cbf41c511c",
                "sha256:384ec0463d1c2671170901994aeb6dce126de0a95ccc3976c43b0038a37329c2",
                "sha256:39b70c19ec771805081578cc936bbe95336798b7edf4732ed102e7a43ec5c07a",
                "sha256:400580cbd3cff6ffa6293df2278c75aef2d58d8d93d3c5614cd67981dae68ceb",
                "sha256:43d4c81d5ffdff6bae58d66a3cd7f54a7acd9a0e7b18d97abb255defc09e3140",
                "sha256:50a4a0ad0111cc1b71fa32dedd05fa239f7fb5a43a40663269bb5dc7877cfd28",
                "sha256:603aa0706be710eea8884af807b1b3bc9fb2e49b9f4da439e76000f3b3c6ff0f",
                "sha256:6149a185cece5ee78d1d196938b2a8f9d09f5a5ebfbba66969302a778d5ddd1d",
                "sha256:759e4095edc3c1b3ac031f34d9459fa781777a93ccc633a472a5468587a190ff",
                "sha256:7fb43004bce0ca31d8f13a6eb5e943fa73371381e53f7074ed21a4cb786c32f8",
                "sha256:811daee36a58dc79cf3d8bdd4a490e4277d0e4b7d103a001a4e73ddb48e7e6aa",
                "sha256:8b5e972b43c8fc27d56550b4120fe6257fdc15f9301914380b27f74856299fea",
                "sha256:99abf4f353c3d1a0c7a5f27699482c987cf663b1eac20db59b8c7b061eabd7fc",
                "sha256:a0d53e51a6cb6f0d9082decb7a4cb6dfb33055308c4c44f53103c073f649af73",
                "sha256:a12ff4c8ddfee61f90a1633a4c4afd3f7bcb32b11c52026c92a12e1325922d0d",
                "sha256:a4646724fba402aa7504cd48b4b50e783296b5e10a524c7a6da62e4a8ac9698d",
                "sha256:a76f502430dd98d7546e1ea2250a7360c065a5fdea52b2dffe8ae7180909b6f4",
                "sha256:a9d17f2be3b427fbb2bce61e596cf555d6f8a56c222bd2ca148baeeb5e5c783c",
                "sha256:ab83f24d5c52d60dbc8cd0528759532736b56db58adaa7b5f1f76ad551416a1e",
                "sha256:aeb9ed923be74e659984e321f609b9ba54a48354bfd168d21a2b072ed1e833ea",
                "sha256:c843b3f50d1ab7361ca4f0b3639bf691569493a56808a0b0c54a051d260b7dbd",
                "sha256:cae865b1cae1ec2663d8ea56ef6ff185bad091a5e33ebbadd98de2cfa3fa668f",
                "sha256:cc6bd4fd593cb261332568485e20a0712883cf631f6f5e8e86a52caa8b2b50ff",
                "sha256:cf2402002d3d9f91c8b01e66fbb436a4ed01c6498fffed0e4c7566da1d40ee1e",
                "sha256:d051ec1c64b85ecc69531e1137bb9751c6830772ee5c1c426dbcfe98ef5788d7",
                "sha256:d6631f2e867676b13026e2846180e2c13c1e11289d67da08d71cacb2cd93d4aa",
                "sha256:dbd18bcf4889b720ba13a27ec2f2aac1981bd41203b3a3b27ba7a33f88ae4827",
                "sha256:df609c82f18c5b9f6cb97271f03315ff0dbe481a2a02e56aeb1b1a985ce38e60"
            ],
            "markers": "python_version >= '3.6'",
            "version": "==1.19.5"
        },
        "olefile": {
            "hashes": [
                "sha256:133b031eaf8fd2c9399b78b8bc5b8fcbe4c31e85295749bb17a87cba8f3c3964"
            ],
            "markers": "python_version >= '2.7' and python_version not in '3.0, 3.1, 3.2, 3.3'",
            "version": "==0.46"
        },
        "opencv-python": {
            "hashes": [
                "sha256:08b2a74ce6674a2bd2acd2efac90fdcd1e7c29b0a77ca88ffbc3a49494e86cc6",
                "sha256:0a6e01953b97de2c0f8077b31a1422450d1da7a5fb42bcd018bc07259924b4ed",
                "sha256:150ed343c23952836a4fff954f8e4bbdc07f36449899459053700313d25c7ee0",
                "sha256:3bf454a767aeb1f4d9d0c89c4b45046becd32a2a7ad9161803fa34043e70f893",
                "sha256:5013fc9ab4ac63ed8ec262dce15b1cb611ac602f2116aa9752198c326e027395",
                "sha256:54a30fe217cbdad35ae653c03eb137117ee280082cc72cc970cd2d0149b9f1c6",
                "sha256:66345a2c1f1ac1cb1e16b496ff697c7cc26de71f4219d2b5bb10650760151a3a",
                "sha256:73a0ed89a02c283420415f8b4b101fb21105caa9e884d641a1027774dcf05bed",
                "sha256:862544f87d4cb6b64d0890c7174942fb671c4911b9337f237ac721b9f9116205",
                "sha256:88c39fa85b871e31934c56a6d30a016c24ee98a75c2e9bf9964424ce13a43511",
                "sha256:a4b7a9db09e9d66206d470c7a3b645a3156c9ef535400091e5091c1b9a7a2df5",
                "sha256:a553da9845dc418d6ee6f96dad28b3d32882f2a1177c64b3c713e06a97000003",
                "sha256:ae285117b47a4931b55953cc56200d7d94cbdebe5e974d8a440a33a2d9316875",
                "sha256:bd019f786ed88098229cd47fb806f3033990d7d302e591d895cd43873d11e818",
                "sha256:c8661f2eba4a04cceb4945695ad4e9e416359c6f434b40bd8a8da4fbbadef41e",
                "sha256:dd8ce52b99ecf91d839ebbaf5b02c22ddfbee7e281b3c2d1afa4554b03bc65b2",
                "sha256:e03b8d26410bbf56c59ba1277f9de71c0ad0bcd2dd81f80be3a07b6022f300fb",
                "sha256:eca0bdfc1b3cc6b16afe28d399024950841b29f8a6248121bfe9c683132cdb81",
                "sha256:f1da252742a7f44e776a0e7fd4f333982911aa9ded033969ccef7a5cb2c30525",
                "sha256:f34e50215415d22440250cfc7c883812b54fb33e7feda78013aa8f27a593ef6d",
                "sha256:f965b9ef449859a783ead37d5e2be0e327e48f2439d79179efd568f2a8b6a1bc",
                "sha256:fd460bc75b40d3ab6f2f2a255378b5fb82e38bb183748b22d6ad31f3b13042d6"
            ],
            "index": "pypi",
            "version": "==3.3.0.10"
        },
        "pandas": {
            "hashes": [
                "sha256:08a98b2ffd9214aea0999db7417102d1b2de45b64c4f50a5ed1a50c6c5c3b91b",
                "sha256:092514870e4bc7843cbba32327805b1305d26d3cfa700afba88bc33c6093b836",
                "sha256:1667478d6093a15a0564c9eeb03b5ac91de94a147a6b5ad2272674f029e60cf7",
                "sha256:169873bd846bcfbdb387ae4fc0c324c629edcf92d495e8c498c7fa6b72fc517b",
                "sha256:51fd63166e59ac43d350e7d14857ea4217844a61b20d4c9d089177fcf8614b75",
                "sha256:60b235fbd26177aff3ff16408e4a8e52e922e5534bdd9df9c501cf919fecd260",
                "sha256:6f0f4f598c2b16746803c8bafef7c721c57e4844da752d36240c0acf97658014",
                "sha256:7189ea59e672766da26c81581bd12b91c371c386381b345f28ff19bca69ae5c5",
                "sha256:873532a9a9afe614e7c42bfa0e72a0d97cce1c6f1e5e93f0340f139cf647aad2",
                "sha256:a1aa1fb8b487bda388681dbd1438fa49655bf3f3a2f3e53101d2f65053d1f519",
                "sha256:a85d07962701184def927d82f216624737ff9f752f00384d3a8397cf5b52e2f8",
                "sha256:aa256d6c93885bebb93b56bc230115c8c279b65dc94e0d67086f159ab91b1f12",
                "sha256:ace3dc64604cb291e7906f83c2f99c495afa13dfbdd51cf82d242004dbe84401",
                "sha256:b7bf54959ef3ee82f55b169e3c1d3ba1818f14e876946056e8b8275e99ea69b0",
                "sha256:e740ddc6cafc2d9ae5bb8ff122e0509b5b2249f19b5dd123b375c09380f12064",
                "sha256:ea20a1d1aea4344173e31b45ae26c8261288a201e7ab438f9f4f69e41341b58d",
                "sha256:f18c85f69025161b8528877b3501b2e5c3b8aa8d87a4a2357f4c08992b206d3a",
                "sha256:ffd33b6013e969d6af2b7dd9393770856153f0507afcab0d66e82730509de43e"
            ],
            "index": "pypi",
            "version": "==0.19.2"
        },
        "pickleshare": {
            "hashes": [
                "sha256:87683d47965c1da65cdacaf31c8441d12b8044cdec9aca500cd78fc2c683afca",
                "sha256:9649af414d74d4df115d5d718f82acb59c9d418196b7b4290ed47a12ce62df56"
            ],
            "version": "==0.7.5"
        },
        "pillow": {
            "hashes": [
                "sha256:0122ea0ebc4290f57e5dfe8227885ff3263eeaf57acaf6a1567eb2b74ca8075a",
                "sha256:07f266b0ed3e7abb351f91dd5911c253badb59a48c654b10b12b20537924b6ca",
                "sha256:1b661661db640dffd4f33d8621ccb84e705749b8ce10903b6f5e9661a730d70c",
                "sha256:1d3629a17d9da641912d1ed47d0850d79412e8d28e2703b2fb0b152073ceab55",
                "sha256:20d171b35d0f5a18a300538b77fec2fe1bb1345e81a3eccb44a47a9a289d9006",
                "sha256:22167c477cceeb0d0a078eb8ba5c76ecbde44d7e88d6e6caafadaba0c135207b",
                "sha256:2498f309fdbae5282748e699d3b1358a2edbcf5ed5ed3383b8f3f2fa043abae2",
                "sha256:31b74729177b771295867997283739235f07670a62fd424b9a44a4c063c48507",
                "sha256:3415f11d2928e46e6fd55774960fa57c1646211a6a3556b51d1bc5e66919632a",
                "sha256:34c788be46762a69a7d2015aa14bd20dda4aaf716aa5d5ffeed8a856016ce34b",
                "sha256:3591a273b70fed23a49b3896dc0d9727cb802a80c58737d7244b49341ed47acf",
                "sha256:3623153a144a939f63a2045e221ed98290d95c36237569c51578bf01f65067f7",
                "sha256:394a5342d47b2c188ba5158e161a72fdb6d0f6f54f95f54b0b28189baf580031",
                "sha256:39539a62c0fd00f3aca789964aad74491dafe2dd1b132ceba71c22cb3829f1bc",
                "sha256:3b7b9d9c2cd2564c8552c3bc058a630c48de2fb2b7e28a5d6628e238368026e9",
                "sha256:3eb056415b5a98a9d6a387ed224fa5cf1df34ca4e94d6f04772709af9f0aba73",
                "sha256:43277035bb3054a6c02b8be3c743cd44803d9bcd1db35e1608bec21b4eff7869",
                "sha256:4588f7ef61be580ac9c3e838082d28d63ed1c784a7d899a363d63fe432d52eaa",
                "sha256:577c14825df65afa1698dda6913b7c678427210f02c3a850d81046003004b11a",
                "sha256:5ef1beae4792604081a32668867c042ebb5de596f66490bf49621b6195452bb3",
                "sha256:6adab9c0d524040ad674ab69565f6e0de80fdba63ed05f8b14c21e2a8bb668e5",
                "sha256:6de88d4a99ba1fe545e6e47d1c0626f49eb0f693c92e1dd19ca9d82ff813bd63",
                "sha256:6df335aff243d9bc5e3b68855ef64bc1f16817f4d5dd71ae41563facb3cefdd6",
                "sha256:6df6b68b00ff0e5bd13ef7b45147056dc4493261495efd3f3cb41a49c94d5ee7",
                "sha256:7597581ef84f0662b630353a4d649204f271efa9e48b28da664ff4ed90233a50",
                "sha256:7778ed5f4af2b5b2f7842e5a0000b5279e33cbfdc465a466419005cab205fbfa",
                "sha256:79a5546c72a9715eb0e8bcef2338151fdcb726abcf04500dad4e1168d5260f79",
                "sha256:7bb10602f5aa0f19dd51ca5929ea8af5d1a50d46de2df30f718e0b4268e040d4",
                "sha256:88cdb0057f82886147d8c86088f784099dffaed50890400f4cbfe15e82d0583f",
                "sha256:92dad394e6e7762dc1f2a5eb5fd1a2c3564b54812a717b2fdd755dd60deb60ae",
                "sha256:98e3f3267fa1e7d36e49600cd6dcddf024a959a0411971bd3e4d7ba4c2d16d87",
                "sha256:9ccac1544b959bc6ea9ff34e615ef92a7ecde85a3482efc8271973d899085b63",
                "sha256:a08c406d1a5e2ce34d79ff98d1125729623cd8f7e76e28ab60891f1410921b07",
                "sha256:a51a91962966efe8872b624ec38dae556c50ca3a4a179dbb322f930146760890",
                "sha256:a57f32a2f09ed61800e687aec0b2eebb095499116f50eff99e27e03ed9a8d776",
                "sha256:a6c22b0a7e1c9d61803ec675db1bf14327c68bb08f4d151431dfef5dbebe4261",
                "sha256:b6cf9c210766664b63b034da65845c40fecc3c157bd2832ec3f4fe7e0bb6c2e3",
                "sha256:baad5cdde7eadceba942fd65aefcdb0ab07e4f0c2771775382a2205125243b95",
                "sha256:c2f377c0106cff9d349e18abd27af3cf8379ee28a8b297075c68fc486ec5a890",
                "sha256:d33d4ffd465ba041136c6c2c46c2dc2da4b0b6a8806a4c06aebbb1c32a2e6383",
                "sha256:dc92a68096d4ef16c041f5d3e6c10d35f391f795a4cb28c5f58813d3031c626f",
                "sha256:de009e7077c56e3f5d1369e0bd66377e2b53d6705790193c595fc7befd95a491",
                "sha256:e24fb802b0ea28eb0a37367287466b98d9599a5d771a5b0091e81102155f542c",
                "sha256:ee26d2d7e7e300f76ba7b796014c04011394d0c4a5ed9a288264a3e443abca50",
                "sha256:f466cd795d0667b278752b9822565f74da5283fcb4325a065cd39f3f3efb00eb",
                "sha256:f4d4d84e30413690ff199867f20f0035ed9c87a07f7568bc5b5f726f22d879a0",
                "sha256:ff04a7672239ac913c1a0a320748b612f39c4f5f58ae103888bc8feb771d6942"
            ],
            "index": "pypi",
            "version": "==4.0.0"
        },
        "prompt-toolkit": {
            "hashes": [
                "sha256:37925b37a4af1f6448c76b7606e0285f79f434ad246dda007a27411cca730c6d",
                "sha256:dd4fca02c8069497ad931a2d09914c6b0d1b50151ce876bc15bde4c747090126",
                "sha256:f7eec66105baf40eda9ab026cd8b2e251337eea8d111196695d82e0c5f0af852"
            ],
            "version": "==1.0.18"
        },
        "pygments": {
            "hashes": [
                "sha256:bc9591213a8f0e0ca1a5e68a479b4887fdc3e75d0774e5c71c31920c427de435",
                "sha256:df49d09b498e83c1a73128295860250b0b7edd4c723a32e9bc0d295c7c2ec337"
            ],
            "markers": "python_version >= '3.5'",
            "version": "==2.7.4"
        },
        "pygraphviz": {
            "hashes": [
                "sha256:50a829a305dc5a0fd1f9590748b19fece756093b581ac91e00c2c27c651d319d",
                "sha256:ae7629e458e1c780819e4854a4762e3327a58a5186314df0e2033a0cd70f7fcd"
            ],
            "path": "./wheel/pygraphviz-1.5-cp36-cp36m-win_amd64.whl",
            "version": "==1.5"
        },
        "pyparsing": {
            "hashes": [
                "sha256:c203ec8783bf771a155b207279b9bccb8dea02d8f0c9e5f8ead507bc3246ecc1",
                "sha256:ef9d7589ef3c200abe66653d3f1ab1033c3c419ae9b9bdb1240a85b024efc88b"
            ],
            "markers": "python_version >= '2.6' and python_version not in '3.0, 3.1, 3.2, 3.3'",
            "version": "==2.4.7"
        },
        "python-dateutil": {
            "hashes": [
                "sha256:73ebfe9dbf22e832286dafa60473e4cd239f8592f699aa5adaf10050e6e1823c",
                "sha256:75bb3f31ea686f1197762692a9ee6a7550b59fc6ca3a1f4b5d7e32fb98e2da2a"
            ],
            "markers": "python_version >= '2.7' and python_version not in '3.0, 3.1, 3.2, 3.3'",
            "version": "==2.8.1"
        },
        "pytz": {
            "hashes": [
                "sha256:16962c5fb8db4a8f63a26646d8886e9d769b6c511543557bc84e9569fb9a9cb4",
                "sha256:180befebb1927b16f6b57101720075a984c019ac16b1b7575673bea42c6c3da5"
            ],
            "version": "==2020.5"
        },
        "pyyaml": {
            "hashes": [
                "sha256:08682f6b72c722394747bddaf0aa62277e02557c0fd1c42cb853016a38f8dedf",
                "sha256:0f5f5786c0e09baddcd8b4b45f20a7b5d61a7e7e99846e3c799b05c7c53fa696",
                "sha256:129def1b7c1bf22faffd67b8f3724645203b79d8f4cc81f674654d9902cb4393",
                "sha256:294db365efa064d00b8d1ef65d8ea2c3426ac366c0c4368d930bf1c5fb497f77",
                "sha256:3b2b1824fe7112845700f815ff6a489360226a5609b96ec2190a45e62a9fc922",
                "sha256:3bd0e463264cf257d1ffd2e40223b197271046d09dadf73a0fe82b9c1fc385a5",
                "sha256:4465124ef1b18d9ace298060f4eccc64b0850899ac4ac53294547536533800c8",
                "sha256:49d4cdd9065b9b6e206d0595fee27a96b5dd22618e7520c33204a4a3239d5b10",
                "sha256:4e0583d24c881e14342eaf4ec5fbc97f934b999a6828693a99157fde912540cc",
                "sha256:5accb17103e43963b80e6f837831f38d314a0495500067cb25afab2e8d7a4018",
                "sha256:607774cbba28732bfa802b54baa7484215f530991055bb562efbed5b2f20a45e",
                "sha256:6c78645d400265a062508ae399b60b8c167bf003db364ecb26dcab2bda048253",
                "sha256:74c1485f7707cf707a7aef42ef6322b8f97921bd89be2ab6317fd782c2d53183",
                "sha256:8c1be557ee92a20f184922c7b6424e8ab6691788e6d86137c5d93c1a6ec1b8fb",
                "sha256:bb4191dfc9306777bc594117aee052446b3fa88737cd13b7188d0e7aa8162185",
                "sha256:c20cfa2d49991c8b4147af39859b167664f2ad4561704ee74c1de03318e898db",
                "sha256:d2d9808ea7b4af864f35ea216be506ecec180628aced0704e34aca0b040ffe46",
                "sha256:dd5de0646207f053eb0d6c74ae45ba98c3395a571a2891858e87df7c9b9bd51b",
                "sha256:e1d4970ea66be07ae37a3c2e48b5ec63f7ba6804bdddfdbd3cfd954d25a82e63",
                "sha256:e4fac90784481d221a8e4b1162afa7c47ed953be40d31ab4629ae917510051df",
                "sha256:fa5ae20527d8e831e8230cbffd9f8fe952815b2b7dae6ffec25318803a7528fc"
            ],
            "markers": "python_version >= '2.7' and python_version not in '3.0, 3.1, 3.2, 3.3, 3.4, 3.5'",
            "version": "==5.4.1"
        },
        "scipy": {
            "hashes": [
                "sha256:01c7040a83eb4e020ab729488637dcadef54cb728b035b76668ab92a72515d60",
                "sha256:046705c604c6f1d63cad3e89677c0618b7abb40ed09a4c241c671a2d8e5128a9",
                "sha256:08041e5336fcd57defcc78650b44b3df652eff3e3a801638d894e50494fb630d",
                "sha256:1f58fbd59e8d9652759df0d137832ff2a325ed708c173cba20c86589d811c210",
                "sha256:23a7238279ae94e088396b8b05a9795ef598dc79c5cd1adb91ad1ff87c7514fd",
                "sha256:3b66d5e40152175bca75cbbfd1eb5c108c50de9ae5625923f1c4f8f51cbe2dea",
                "sha256:424500b2fe573d30de6dea927076c01acaadb3efb3d1f40340e8cc37151ccf27",
                "sha256:5774adb6047983489bc81edaa72cd132e665e5680f0b2cf8ea28cd3b99e65d39",
                "sha256:5964dba6a3c0be226d44d2520de8fb4ba1501768bad57eec687d36d3f53b6254",
                "sha256:70e6fc3f2f52c9152f05e27eb9bd8543cb862cacb71f8521a571e4ffb837f450",
                "sha256:87ea1f11a0e9ec08c264dc64551d501fa307289460705f6fccd84cbfc7926d10",
                "sha256:889602ead28054a15e8c26e1a6b8420d5a4fa777cfeb3ec98cfa52b9f317d153",
                "sha256:912499ddb521b7ac6287ac4ccf5f296a83d38996c2d04f43c9e62a91f7b420aa",
                "sha256:97123a25216616723083942eb595f47fee18da6b637a88b803de5f078009003c",
                "sha256:9bd193686fd837472bdb6425486cb234ed0a4db76b930c141cc8d095ab213c8d",
                "sha256:a79b99b8b5af9a63312bd053bbb7bdb7710e6bbb9cc81617f9f6b9b1e49c72f8",
                "sha256:a9e479648aab5f36330da94f351ebbfe79acb4e6f5e6ac6aeddc9291eb096839",
                "sha256:bf36f3485e7b7291c36330a93bbfd4f5e8db23bbe4ea46c37b2839fef463f4e2",
                "sha256:cd23894e1cc6eaa00e6807b6b12e4ca66d5ff092986c9c3eb01e97f24e2d6462",
                "sha256:d84df0bc86bbdd49f0a6b6bad5cd62ccb02a3bfe546bf79263de44ae081bcd7b",
                "sha256:e3a5673c105eab802fdecb77f102d877352e201df9328698a265b7f57546b34b",
                "sha256:fa17be6c66985931d3a391f61a6ba97c902585cf26020aa3eb24604115732d22",
                "sha256:ff8b6637d8d2c074ed67f3d57513e62f94747c6f1210f43e60ad3d8e93a424e4"
            ],
            "index": "pypi",
            "version": "==1.0.0"
        },
        "simplegeneric": {
            "hashes": [
                "sha256:dc972e06094b9af5b855b3df4a646395e43d1c9d0d39ed345b7393560d0b9173"
            ],
            "version": "==0.8.1"
        },
        "six": {
            "hashes": [
                "sha256:30639c035cdb23534cd4aa2dd52c3bf48f06e5f4a941509c8bafd8ce11080259",
                "sha256:8b74bedcbbbaca38ff6d7491d76f2b06b3592611af620f8426e82dddb04a5ced"
            ],
            "markers": "python_version >= '2.7' and python_version not in '3.0, 3.1, 3.2, 3.3'",
            "version": "==1.15.0"
        },
        "text-unidecode": {
            "hashes": [
                "sha256:1311f10e8b895935241623731c2ba64f4c455287888b18189350b67134a822e8",
                "sha256:bad6603bb14d279193107714b288be206cac565dfa49aa5b105294dd5c4aab93"
            ],
            "version": "==1.3"
        },
        "theano": {
            "hashes": [
                "sha256:6e9439dd53ba995fcae27bf20626074bfc2fff446899dc5c53cb28c1f9202e89"
            ],
            "version": "==1.0.5"
        },
        "traitlets": {
            "hashes": [
                "sha256:70b4c6a1d9019d7b4f6846832288f86998aa3b9207c6821f3578a6a6a467fe44",
                "sha256:d023ee369ddd2763310e4c3eae1ff649689440d4ae59d7485eb4cfbbe3e359f7"
            ],
            "version": "==4.3.3"
        },
        "wcwidth": {
            "hashes": [
                "sha256:beb4802a9cebb9144e99086eff703a642a13d6a0052920003a230f3294bbe784",
                "sha256:c4d647b99872929fdb7bdcaa4fbe7f01413ed3d98077df798530e5b04f116c83"
            ],
            "version": "==0.2.5"
        },
        "win-unicode-console": {
            "hashes": [
                "sha256:d4142d4d56d46f449d6f00536a73625a871cba040f0bc1a2e305a04578f07d1e"
            ],
            "markers": "sys_platform == 'win32'",
            "version": "==0.5"
        }
    },
    "develop": {}
}
